
Microsoft Visual Studio Solution File, Format Version 12.00
# Visual Studio Version 17
VisualStudioVersion = 17.5.33530.505
MinimumVisualStudioVersion = 10.0.40219.1
Project("{FAE04EC0-301F-11D3-BF4B-00C04F79EFBC}") = "GUI", "GUI\GUI.csproj", "{9B8CA01D-6D0C-4A93-AAC9-489B7F231645}"
EndProject
Global
	GlobalSection(SolutionConfigurationPlatforms) = preSolution
		Debug|Any CPU = Debug|Any CPU
		Release|Any CPU = Release|Any CPU
	EndGlobalSection
	GlobalSection(ProjectConfigurationPlatforms) = postSolution
		{9B8CA01D-6D0C-4A93-AAC9-489B7F231645}.Debug|Any CPU.ActiveCfg = Debug|Any CPU
		{9B8CA01D-6D0C-4A93-AAC9-489B7F231645}.Debug|Any CPU.Build.0 = Debug|Any CPU
		{9B8CA01D-6D0C-4A93-AAC9-489B7F231645}.Release|Any CPU.ActiveCfg = Release|Any CPU
		{9B8CA01D-6D0C-4A93-AAC9-489B7F231645}.Release|Any CPU.Build.0 = Release|Any CPU
	EndGlobalSection
	GlobalSection(SolutionProperties) = preSolution
		HideSolutionNode = FALSE
	EndGlobalSection
	GlobalSection(ExtensibilityGlobals) = postSolution
		SolutionGuid = {F244FD49-B9AB-44ED-A355-B44C0784BBFE}
	EndGlobalSection
EndGlobal
